// !$*UTF8*$!
{
	archiveVersion = 1;
	classes = {
	};
	objectVersion = 50;
	objects = {

/* Begin PBXBuildFile section */
		D431313A20CB00F6000C5F73 /* AppDelegate.swift in Sources */ = {isa = PBXBuildFile; fileRef = D431313920CB00F6000C5F73 /* AppDelegate.swift */; };
		D431314120CB00F7000C5F73 /* Assets.xcassets in Resources */ = {isa = PBXBuildFile; fileRef = D431314020CB00F7000C5F73 /* Assets.xcassets */; };
		D431315520CB02F1000C5F73 /* 2.jpg in Resources */ = {isa = PBXBuildFile; fileRef = D431315120CB02F1000C5F73 /* 2.jpg */; };
		D431315620CB02F1000C5F73 /* 3.jpg in Resources */ = {isa = PBXBuildFile; fileRef = D431315220CB02F1000C5F73 /* 3.jpg */; };
		D431315720CB02F1000C5F73 /* 0.jpg in Resources */ = {isa = PBXBuildFile; fileRef = D431315320CB02F1000C5F73 /* 0.jpg */; };
		D431315820CB02F1000C5F73 /* 1.jpg in Resources */ = {isa = PBXBuildFile; fileRef = D431315420CB02F1000C5F73 /* 1.jpg */; };
		D431315A20CB0309000C5F73 /* AFViewController.swift in Sources */ = {isa = PBXBuildFile; fileRef = D431315920CB0309000C5F73 /* AFViewController.swift */; };
		D431315E20CB06AF000C5F73 /* AFCollectionViewCell.swift in Sources */ = {isa = PBXBuildFile; fileRef = D431315D20CB06AF000C5F73 /* AFCollectionViewCell.swift */; };
		D431316220CB07CB000C5F73 /* Default.png in Resources */ = {isa = PBXBuildFile; fileRef = D431315F20CB07CA000C5F73 /* Default.png */; };
		D431316320CB07CB000C5F73 /* Default-568h@2x.png in Resources */ = {isa = PBXBuildFile; fileRef = D431316020CB07CA000C5F73 /* Default-568h@2x.png */; };
		D431316420CB07CB000C5F73 /* Default@2x.png in Resources */ = {isa = PBXBuildFile; fileRef = D431316120CB07CB000C5F73 /* Default@2x.png */; };
		D431316620CB0B36000C5F73 /* AFCollectionViewFlowLargeLayout.swift in Sources */ = {isa = PBXBuildFile; fileRef = D431316520CB0B36000C5F73 /* AFCollectionViewFlowLargeLayout.swift */; };
		D431316820CB0B8E000C5F73 /* AFCollectionViewFlowSmallLayout.swift in Sources */ = {isa = PBXBuildFile; fileRef = D431316720CB0B8E000C5F73 /* AFCollectionViewFlowSmallLayout.swift */; };
/* End PBXBuildFile section */

/* Begin PBXFileReference section */
		D431313620CB00F6000C5F73 /* UICollectionViewFlowLayoutExample_Swift.app */ = {isa = PBXFileReference; explicitFileType = wrapper.application; includeInIndex = 0; path = UICollectionViewFlowLayoutExample_Swift.app; sourceTree = BUILT_PRODUCTS_DIR; };
		D431313920CB00F6000C5F73 /* AppDelegate.swift */ = {isa = PBXFileReference; lastKnownFileType = sourcecode.swift; path = AppDelegate.swift; sourceTree = "<group>"; };
		D431314020CB00F7000C5F73 /* Assets.xcassets */ = {isa = PBXFileReference; lastKnownFileType = folder.assetcatalog; path = Assets.xcassets; sourceTree = "<group>"; };
		D431314520CB00F7000C5F73 /* Info.plist */ = {isa = PBXFileReference; lastKnownFileType = text.plist.xml; path = Info.plist; sourceTree = "<group>"; };
		D431315120CB02F1000C5F73 /* 2.jpg */ = {isa = PBXFileReference; lastKnownFileType = image.jpeg; path = 2.jpg; sourceTree = "<group>"; };
		D431315220CB02F1000C5F73 /* 3.jpg */ = {isa = PBXFileReference; lastKnownFileType = image.jpeg; path = 3.jpg; sourceTree = "<group>"; };
		D431315320CB02F1000C5F73 /* 0.jpg */ = {isa = PBXFileReference; lastKnownFileType = image.jpeg; path = 0.jpg; sourceTree = "<group>"; };
		D431315420CB02F1000C5F73 /* 1.jpg */ = {isa = PBXFileReference; lastKnownFileType = image.jpeg; path = 1.jpg; sourceTree = "<group>"; };
		D431315920CB0309000C5F73 /* AFViewController.swift */ = {isa = PBXFileReference; lastKnownFileType = sourcecode.swift; path = AFViewController.swift; sourceTree = "<group>"; };
		D431315D20CB06AF000C5F73 /* AFCollectionViewCell.swift */ = {isa = PBXFileReference; lastKnownFileType = sourcecode.swift; path = AFCollectionViewCell.swift; sourceTree = "<group>"; };
		D431315F20CB07CA000C5F73 /* Default.png */ = {isa = PBXFileReference; lastKnownFileType = image.png; path = Default.png; sourceTree = "<group>"; };
		D431316020CB07CA000C5F73 /* Default-568h@2x.png */ = {isa = PBXFileReference; lastKnownFileType = image.png; path = "Default-568h@2x.png"; sourceTree = "<group>"; };
		D431316120CB07CB000C5F73 /* Default@2x.png */ = {isa = PBXFileReference; lastKnownFileType = image.png; path = "Default@2x.png"; sourceTree = "<group>"; };
		D431316520CB0B36000C5F73 /* AFCollectionViewFlowLargeLayout.swift */ = {isa = PBXFileReference; lastKnownFileType = sourcecode.swift; path = AFCollectionViewFlowLargeLayout.swift; sourceTree = "<group>"; };
		D431316720CB0B8E000C5F73 /* AFCollectionViewFlowSmallLayout.swift */ = {isa = PBXFileReference; lastKnownFileType = sourcecode.swift; path = AFCollectionViewFlowSmallLayout.swift; sourceTree = "<group>"; };
/* End PBXFileReference section */

/* Begin PBXFrameworksBuildPhase section */
		D431313320CB00F6000C5F73 /* Frameworks */ = {
			isa = PBXFrameworksBuildPhase;
			buildActionMask = 2147483647;
			files = (
			);
			runOnlyForDeploymentPostprocessing = 0;
		};
/* End PBXFrameworksBuildPhase section */

/* Begin PBXGroup section */
		D431312D20CB00F6000C5F73 = {
			isa = PBXGroup;
			children = (
				D431313820CB00F6000C5F73 /* UICollectionViewFlowLayoutExample_Swift */,
				D431313720CB00F6000C5F73 /* Products */,
			);
			sourceTree = "<group>";
		};
		D431313720CB00F6000C5F73 /* Products */ = {
			isa = PBXGroup;
			children = (
				D431313620CB00F6000C5F73 /* UICollectionViewFlowLayoutExample_Swift.app */,
			);
			name = Products;
			sourceTree = "<group>";
		};
		D431313820CB00F6000C5F73 /* UICollectionViewFlowLayoutExample_Swift */ = {
			isa = PBXGroup;
			children = (
				D431314D20CB012E000C5F73 /* Images */,
				D431313920CB00F6000C5F73 /* AppDelegate.swift */,
				D431314E20CB01F3000C5F73 /* Collection View Extensions */,
				D431315020CB0205000C5F73 /* Supporting Files */,
				D431314F20CB01FC000C5F73 /* Controller */,
				D431314520CB00F7000C5F73 /* Info.plist */,
			);
			path = UICollectionViewFlowLayoutExample_Swift;
			sourceTree = "<group>";
		};
		D431314D20CB012E000C5F73 /* Images */ = {
			isa = PBXGroup;
			children = (
				D431315320CB02F1000C5F73 /* 0.jpg */,
				D431315420CB02F1000C5F73 /* 1.jpg */,
				D431315120CB02F1000C5F73 /* 2.jpg */,
				D431315220CB02F1000C5F73 /* 3.jpg */,
			);
			path = Images;
			sourceTree = "<group>";
		};
		D431314E20CB01F3000C5F73 /* Collection View Extensions */ = {
			isa = PBXGroup;
			children = (
				D431315D20CB06AF000C5F73 /* AFCollectionViewCell.swift */,
				D431316520CB0B36000C5F73 /* AFCollectionViewFlowLargeLayout.swift */,
				D431316720CB0B8E000C5F73 /* AFCollectionViewFlowSmallLayout.swift */,
			);
			path = "Collection View Extensions";
			sourceTree = "<group>";
		};
		D431314F20CB01FC000C5F73 /* Controller */ = {
			isa = PBXGroup;
			children = (
				D431315920CB0309000C5F73 /* AFViewController.swift */,
			);
			path = Controller;
			sourceTree = "<group>";
		};
		D431315020CB0205000C5F73 /* Supporting Files */ = {
			isa = PBXGroup;
			children = (
				D431316020CB07CA000C5F73 /* Default-568h@2x.png */,
				D431315F20CB07CA000C5F73 /* Default.png */,
				D431316120CB07CB000C5F73 /* Default@2x.png */,
				D431314020CB00F7000C5F73 /* Assets.xcassets */,
			);
			path = "Supporting Files";
			sourceTree = "<group>";
		};
/* End PBXGroup section */

/* Begin PBXNativeTarget section */
		D431313520CB00F6000C5F73 /* UICollectionViewFlowLayoutExample_Swift */ = {
			isa = PBXNativeTarget;
			buildConfigurationList = D431314820CB00F7000C5F73 /* Build configuration list for PBXNativeTarget "UICollectionViewFlowLayoutExample_Swift" */;
			buildPhases = (
				D431313220CB00F6000C5F73 /* Sources */,
				D431313320CB00F6000C5F73 /* Frameworks */,
				D431313420CB00F6000C5F73 /* Resources */,
			);
			buildRules = (
			);
			dependencies = (
			);
			name = UICollectionViewFlowLayoutExample_Swift;
			productName = UICollectionViewFlowLayoutExample_Swift;
			productReference = D431313620CB00F6000C5F73 /* UICollectionViewFlowLayoutExample_Swift.app */;
			productType = "com.apple.product-type.application";
		};
/* End PBXNativeTarget section */

/* Begin PBXProject section */
		D431312E20CB00F6000C5F73 /* Project object */ = {
			isa = PBXProject;
			attributes = {
				LastSwiftUpdateCheck = 0940;
				LastUpgradeCheck = 0940;
				ORGANIZATIONNAME = "Eduard Levshteyn";
				TargetAttributes = {
					D431313520CB00F6000C5F73 = {
						CreatedOnToolsVersion = 9.4;
					};
				};
			};
			buildConfigurationList = D431313120CB00F6000C5F73 /* Build configuration list for PBXProject "UICollectionViewFlowLayoutExample_Swift" */;
			compatibilityVersion = "Xcode 9.3";
			developmentRegion = en;
			hasScannedForEncodings = 0;
			knownRegions = (
				en,
				Base,
			);
			mainGroup = D431312D20CB00F6000C5F73;
			productRefGroup = D431313720CB00F6000C5F73 /* Products */;
			projectDirPath = "";
			projectRoot = "";
			targets = (
				D431313520CB00F6000C5F73 /* UICollectionViewFlowLayoutExample_Swift */,
			);
		};
/* End PBXProject section */

/* Begin PBXResourcesBuildPhase section */
		D431313420CB00F6000C5F73 /* Resources */ = {
			isa = PBXResourcesBuildPhase;
			buildActionMask = 2147483647;
			files = (
				D431316420CB07CB000C5F73 /* Default@2x.png in Resources */,
				D431315720CB02F1000C5F73 /* 0.jpg in Resources */,
				D431316220CB07CB000C5F73 /* Default.png in Resources */,
				D431315620CB02F1000C5F73 /* 3.jpg in Resources */,
				D431315520CB02F1000C5F73 /* 2.jpg in Resources */,
				D431314120CB00F7000C5F73 /* Assets.xcassets in Resources */,
				D431316320CB07CB000C5F73 /* Default-568h@2x.png in Resources */,
				D431315820CB02F1000C5F73 /* 1.jpg in Resources */,
			);
			runOnlyForDeploymentPostprocessing = 0;
		};
/* End PBXResourcesBuildPhase section */

/* Begin PBXSourcesBuildPhase section */
		D431313220CB00F6000C5F73 /* Sources */ = {
			isa = PBXSourcesBuildPhase;
			buildActionMask = 2147483647;
			files = (
				D431313A20CB00F6000C5F73 /* AppDelegate.swift in Sources */,
				D431315E20CB06AF000C5F73 /* AFCollectionViewCell.swift in Sources */,
				D431316820CB0B8E000C5F73 /* AFCollectionViewFlowSmallLayout.swift in Sources */,
				D431315A20CB0309000C5F73 /* AFViewController.swift in Sources */,
				D431316620CB0B36000C5F73 /* AFCollectionViewFlowLargeLayout.swift in Sources */,
			);
			runOnlyForDeploymentPostprocessing = 0;
		};
/* End PBXSourcesBuildPhase section */

/* Begin XCBuildConfiguration section */
		D431314620CB00F7000C5F73 /* Debug */ = {
			isa = XCBuildConfiguration;
			buildSettings = {
				ALWAYS_SEARCH_USER_PATHS = NO;
				CLANG_ANALYZER_NONNULL = YES;
				CLANG_ANALYZER_NUMBER_OBJECT_CONVERSION = YES_AGGRESSIVE;
				CLANG_CXX_LANGUAGE_STANDARD = "gnu++14";
				CLANG_CXX_LIBRARY = "libc++";
				CLANG_ENABLE_MODULES = YES;
				CLANG_ENABLE_OBJC_ARC = YES;
				CLANG_ENABLE_OBJC_WEAK = YES;
				CLANG_WARN_BLOCK_CAPTURE_AUTORELEASING = YES;
				CLANG_WARN_BOOL_CONVERSION = YES;
				CLANG_WARN_COMMA = YES;
				CLANG_WARN_CONSTANT_CONVERSION = YES;
				CLANG_WARN_DEPRECATED_OBJC_IMPLEMENTATIONS = YES;
				CLANG_WARN_DIRECT_OBJC_ISA_USAGE = YES_ERROR;
				CLANG_WARN_DOCUMENTATION_COMMENTS = YES;
				CLANG_WARN_EMPTY_BODY = YES;
				CLANG_WARN_ENUM_CONVERSION = YES;
				CLANG_WARN_INFINITE_RECURSION = YES;
				CLANG_WARN_INT_CONVERSION = YES;
				CLANG_WARN_NON_LITERAL_NULL_CONVERSION = YES;
				CLANG_WARN_OBJC_IMPLICIT_RETAIN_SELF = YES;
				CLANG_WARN_OBJC_LITERAL_CONVERSION = YES;
				CLANG_WARN_OBJC_ROOT_CLASS = YES_ERROR;
				CLANG_WARN_RANGE_LOOP_ANALYSIS = YES;
				CLANG_WARN_STRICT_PROTOTYPES = YES;
				CLANG_WARN_SUSPICIOUS_MOVE = YES;
				CLANG_WARN_UNGUARDED_AVAILABILITY = YES_AGGRESSIVE;
				CLANG_WARN_UNREACHABLE_CODE = YES;
				CLANG_WARN__DUPLICATE_METHOD_MATCH = YES;
				CODE_SIGN_IDENTITY = "iPhone Developer";
				COPY_PHASE_STRIP = NO;
				DEBUG_INFORMATION_FORMAT = dwarf;
				ENABLE_STRICT_OBJC_MSGSEND = YES;
				ENABLE_TESTABILITY = YES;
				GCC_C_LANGUAGE_STANDARD = gnu11;
				GCC_DYNAMIC_NO_PIC = NO;
				GCC_NO_COMMON_BLOCKS = YES;
				GCC_OPTIMIZATION_LEVEL = 0;
				GCC_PREPROCESSOR_DEFINITIONS = (
					"DEBUG=1",
					"$(inherited)",
				);
				GCC_WARN_64_TO_32_BIT_CONVERSION = YES;
				GCC_WARN_ABOUT_RETURN_TYPE = YES_ERROR;
				GCC_WARN_UNDECLARED_SELECTOR = YES;
				GCC_WARN_UNINITIALIZED_AUTOS = YES_AGGRESSIVE;
				GCC_WARN_UNUSED_FUNCTION = YES;
				GCC_WARN_UNUSED_VARIABLE = YES;
				IPHONEOS_DEPLOYMENT_TARGET = 11.4;
				MTL_ENABLE_DEBUG_INFO = YES;
				ONLY_ACTIVE_ARCH = YES;
				SDKROOT = iphoneos;
				SWIFT_ACTIVE_COMPILATION_CONDITIONS = DEBUG;
				SWIFT_OPTIMIZATION_LEVEL = "-Onone";
			};
			name = Debug;
		};
		D431314720CB00F7000C5F73 /* Release */ = {
			isa = XCBuildConfiguration;
			buildSettings = {
				ALWAYS_SEARCH_USER_PATHS = NO;
				CLANG_ANALYZER_NONNULL = YES;
				CLANG_ANALYZER_NUMBER_OBJECT_CONVERSION = YES_AGGRESSIVE;
				CLANG_CXX_LANGUAGE_STANDARD = "gnu++14";
				CLANG_CXX_LIBRARY = "libc++";
				CLANG_ENABLE_MODULES = YES;
				CLANG_ENABLE_OBJC_ARC = YES;
				CLANG_ENABLE_OBJC_WEAK = YES;
				CLANG_WARN_BLOCK_CAPTURE_AUTORELEASING = YES;
				CLANG_WARN_BOOL_CONVERSION = YES;
				CLANG_WARN_COMMA = YES;
				CLANG_WARN_CONSTANT_CONVERSION = YES;
				CLANG_WARN_DEPRECATED_OBJC_IMPLEMENTATIONS = YES;
				CLANG_WARN_DIRECT_OBJC_ISA_USAGE = YES_ERROR;
				CLANG_WARN_DOCUMENTATION_COMMENTS = YES;
				CLANG_WARN_EMPTY_BODY = YES;
				CLANG_WARN_ENUM_CONVERSION = YES;
				CLANG_WARN_INFINITE_RECURSION = YES;
				CLANG_WARN_INT_CONVERSION = YES;
				CLANG_WARN_NON_LITERAL_NULL_CONVERSION = YES;
				CLANG_WARN_OBJC_IMPLICIT_RETAIN_SELF = YES;
				CLANG_WARN_OBJC_LITERAL_CONVERSION = YES;
				CLANG_WARN_OBJC_ROOT_CLASS = YES_ERROR;
				CLANG_WARN_RANGE_LOOP_ANALYSIS = YES;
				CLANG_WARN_STRICT_PROTOTYPES = YES;
				CLANG_WARN_SUSPICIOUS_MOVE = YES;
				CLANG_WARN_UNGUARDED_AVAILABILITY = YES_AGGRESSIVE;
				CLANG_WARN_UNREACHABLE_CODE = YES;
				CLANG_WARN__DUPLICATE_METHOD_MATCH = YES;
				CODE_SIGN_IDENTITY = "iPhone Developer";
				COPY_PHASE_STRIP = NO;
				DEBUG_INFORMATION_FORMAT = "dwarf-with-dsym";
				ENABLE_NS_ASSERTIONS = NO;
				ENABLE_STRICT_OBJC_MSGSEND = YES;
				GCC_C_LANGUAGE_STANDARD = gnu11;
				GCC_NO_COMMON_BLOCKS = YES;
				GCC_WARN_64_TO_32_BIT_CONVERSION = YES;
				GCC_WARN_ABOUT_RETURN_TYPE = YES_ERROR;
				GCC_WARN_UNDECLARED_SELECTOR = YES;
				GCC_WARN_UNINITIALIZED_AUTOS = YES_AGGRESSIVE;
				GCC_WARN_UNUSED_FUNCTION = YES;
				GCC_WARN_UNUSED_VARIABLE = YES;
				IPHONEOS_DEPLOYMENT_TARGET = 11.4;
				MTL_ENABLE_DEBUG_INFO = NO;
				SDKROOT = iphoneos;
				SWIFT_COMPILATION_MODE = wholemodule;
				SWIFT_OPTIMIZATION_LEVEL = "-O";
				VALIDATE_PRODUCT = YES;
			};
			name = Release;
		};
		D431314920CB00F7000C5F73 /* Debug */ = {
			isa = XCBuildConfiguration;
			buildSettings = {
				ASSETCATALOG_COMPILER_APPICON_NAME = AppIcon;
				CODE_SIGN_STYLE = Automatic;
				DEVELOPMENT_TEAM = 3987LS8PQB;
				INFOPLIST_FILE = UICollectionViewFlowLayoutExample_Swift/Info.plist;
				IPHONEOS_DEPLOYMENT_TARGET = 10.0;
				LD_RUNPATH_SEARCH_PATHS = (
					"$(inherited)",
					"@executable_path/Frameworks",
				);
				PRODUCT_BUNDLE_IDENTIFIER = "com.eduardlevshteyn.UICollectionViewFlowLayoutExample-Swift";
				PRODUCT_NAME = "$(TARGET_NAME)";
				SWIFT_VERSION = 4.0;
				TARGETED_DEVICE_FAMILY = "1,2";
			};
			name = Debug;
		};
		D431314A20CB00F7000C5F73 /* Release */ = {
			isa = XCBuildConfiguration;
			buildSettings = {
				ASSETCATALOG_COMPILER_APPICON_NAME = AppIcon;
				CODE_SIGN_STYLE = Automatic;
				DEVELOPMENT_TEAM = 3987LS8PQB;
				INFOPLIST_FILE = UICollectionViewFlowLayoutExample_Swift/Info.plist;
				IPHONEOS_DEPLOYMENT_TARGET = 10.0;
				LD_RUNPATH_SEARCH_PATHS = (
					"$(inherited)",
					"@executable_path/Frameworks",
				);
				PRODUCT_BUNDLE_IDENTIFIER = "com.eduardlevshteyn.UICollectionViewFlowLayoutExample-Swift";
				PRODUCT_NAME = "$(TARGET_NAME)";
				SWIFT_VERSION = 4.0;
				TARGETED_DEVICE_FAMILY = "1,2";
			};
			name = Release;
		};
/* End XCBuildConfiguration section */

/* Begin XCConfigurationList section */
		D431313120CB00F6000C5F73 /* Build configuration list for PBXProject "UICollectionViewFlowLayoutExample_Swift" */ = {
			isa = XCConfigurationList;
			buildConfigurations = (
				D431314620CB00F7000C5F73 /* Debug */,
				D431314720CB00F7000C5F73 /* Release */,
			);
			defaultConfigurationIsVisible = 0;
			defaultConfigurationName = Release;
		};
		D431314820CB00F7000C5F73 /* Build configuration list for PBXNativeTarget "UICollectionViewFlowLayoutExample_Swift" */ = {
			isa = XCConfigurationList;
			buildConfigurations = (
				D431314920CB00F7000C5F73 /* Debug */,
				D431314A20CB00F7000C5F73 /* Release */,
			);
			defaultConfigurationIsVisible = 0;
			defaultConfigurationName = Release;
		};
/* End XCConfigurationList section */
	};
	rootObject = D431312E20CB00F6000C5F73 /* Project object */;
}
